// !$*UTF8*$!
{
	archiveVersion = 1;
	classes = {
	};
	objectVersion = 50;
	objects = {

/* Begin PBXBuildFile section */
		2DD4927C21749BD47A6A4E57 /* Pods_SuperQuizzUITests.framework in Frameworks */ = {isa = PBXBuildFile; fileRef = FA0DF6FC17627984BC6994A7 /* Pods_SuperQuizzUITests.framework */; };
		3726770DFE0E1E21CFBB8C7C /* Pods_SuperQuizz.framework in Frameworks */ = {isa = PBXBuildFile; fileRef = 9690A38F641F7CA65D491BAA /* Pods_SuperQuizz.framework */; };
		72C3134D96D2D8D0F2656BF1 /* Pods_SuperQuizzTests.framework in Frameworks */ = {isa = PBXBuildFile; fileRef = D7F953C7839BDD1F54B04F55 /* Pods_SuperQuizzTests.framework */; };
		BC0CA4F621B9373A00B2DB8A /* API CLIENT.swift in Sources */ = {isa = PBXBuildFile; fileRef = BC0CA4F521B9373A00B2DB8A /* API CLIENT.swift */; };
		BC13AB0121B7CF3D006733D9 /* CreateOrEditQuestionViewController.swift in Sources */ = {isa = PBXBuildFile; fileRef = BC13AB0021B7CF3D006733D9 /* CreateOrEditQuestionViewController.swift */; };
		BC393E1821B6B60B0016DC12 /* AppDelegate.swift in Sources */ = {isa = PBXBuildFile; fileRef = BC393E1721B6B60B0016DC12 /* AppDelegate.swift */; };
		BC393E1A21B6B60B0016DC12 /* AnswerViewController.swift in Sources */ = {isa = PBXBuildFile; fileRef = BC393E1921B6B60B0016DC12 /* AnswerViewController.swift */; };
		BC393E1D21B6B60B0016DC12 /* Main.storyboard in Resources */ = {isa = PBXBuildFile; fileRef = BC393E1B21B6B60B0016DC12 /* Main.storyboard */; };
		BC393E1F21B6B60D0016DC12 /* Assets.xcassets in Resources */ = {isa = PBXBuildFile; fileRef = BC393E1E21B6B60D0016DC12 /* Assets.xcassets */; };
		BC393E2221B6B60D0016DC12 /* LaunchScreen.storyboard in Resources */ = {isa = PBXBuildFile; fileRef = BC393E2021B6B60D0016DC12 /* LaunchScreen.storyboard */; };
		BC393E2D21B6B60D0016DC12 /* SuperQuizzTests.swift in Sources */ = {isa = PBXBuildFile; fileRef = BC393E2C21B6B60D0016DC12 /* SuperQuizzTests.swift */; };
		BC393E3821B6B60D0016DC12 /* SuperQuizzUITests.swift in Sources */ = {isa = PBXBuildFile; fileRef = BC393E3721B6B60D0016DC12 /* SuperQuizzUITests.swift */; };
		BC393E4621B6B7690016DC12 /* QuestionsTableViewController.swift in Sources */ = {isa = PBXBuildFile; fileRef = BC393E4521B6B7690016DC12 /* QuestionsTableViewController.swift */; };
		BC393E4921B6C0F50016DC12 /* QuestionTableViewCell.swift in Sources */ = {isa = PBXBuildFile; fileRef = BC393E4721B6C0F50016DC12 /* QuestionTableViewCell.swift */; };
		BC393E4A21B6C0F50016DC12 /* QuestionTableViewCell.xib in Resources */ = {isa = PBXBuildFile; fileRef = BC393E4821B6C0F50016DC12 /* QuestionTableViewCell.xib */; };
		BC84260F21B6C5B3001DC321 /* Question.swift in Sources */ = {isa = PBXBuildFile; fileRef = BC84260E21B6C5B3001DC321 /* Question.swift */; };
		BCF8788621B6F10A00ADD440 /* CorrectorFalseAnswerViewController.swift in Sources */ = {isa = PBXBuildFile; fileRef = BCF8788521B6F10A00ADD440 /* CorrectorFalseAnswerViewController.swift */; };
/* End PBXBuildFile section */

/* Begin PBXContainerItemProxy section */
		BC393E2921B6B60D0016DC12 /* PBXContainerItemProxy */ = {
			isa = PBXContainerItemProxy;
			containerPortal = BC393E0C21B6B60B0016DC12 /* Project object */;
			proxyType = 1;
			remoteGlobalIDString = BC393E1321B6B60B0016DC12;
			remoteInfo = SuperQuizz;
		};
		BC393E3421B6B60D0016DC12 /* PBXContainerItemProxy */ = {
			isa = PBXContainerItemProxy;
			containerPortal = BC393E0C21B6B60B0016DC12 /* Project object */;
			proxyType = 1;
			remoteGlobalIDString = BC393E1321B6B60B0016DC12;
			remoteInfo = SuperQuizz;
		};
/* End PBXContainerItemProxy section */

/* Begin PBXFileReference section */
		1E0F9FCFD674B62727749C82 /* Pods-SuperQuizzTests.debug.xcconfig */ = {isa = PBXFileReference; includeInIndex = 1; lastKnownFileType = text.xcconfig; name = "Pods-SuperQuizzTests.debug.xcconfig"; path = "Pods/Target Support Files/Pods-SuperQuizzTests/Pods-SuperQuizzTests.debug.xcconfig"; sourceTree = "<group>"; };
		30EB1DA65436594B2790F487 /* Pods-SuperQuizzUITests.debug.xcconfig */ = {isa = PBXFileReference; includeInIndex = 1; lastKnownFileType = text.xcconfig; name = "Pods-SuperQuizzUITests.debug.xcconfig"; path = "Pods/Target Support Files/Pods-SuperQuizzUITests/Pods-SuperQuizzUITests.debug.xcconfig"; sourceTree = "<group>"; };
		3F5D448818A39A6C103EFF45 /* Pods-SuperQuizz.debug.xcconfig */ = {isa = PBXFileReference; includeInIndex = 1; lastKnownFileType = text.xcconfig; name = "Pods-SuperQuizz.debug.xcconfig"; path = "Pods/Target Support Files/Pods-SuperQuizz/Pods-SuperQuizz.debug.xcconfig"; sourceTree = "<group>"; };
		7914F639D56458C4BCA859E9 /* Pods-SuperQuizzTests.release.xcconfig */ = {isa = PBXFileReference; includeInIndex = 1; lastKnownFileType = text.xcconfig; name = "Pods-SuperQuizzTests.release.xcconfig"; path = "Pods/Target Support Files/Pods-SuperQuizzTests/Pods-SuperQuizzTests.release.xcconfig"; sourceTree = "<group>"; };
		8B313D6E63EBF639E2836701 /* Pods-SuperQuizzUITests.release.xcconfig */ = {isa = PBXFileReference; includeInIndex = 1; lastKnownFileType = text.xcconfig; name = "Pods-SuperQuizzUITests.release.xcconfig"; path = "Pods/Target Support Files/Pods-SuperQuizzUITests/Pods-SuperQuizzUITests.release.xcconfig"; sourceTree = "<group>"; };
		9690A38F641F7CA65D491BAA /* Pods_SuperQuizz.framework */ = {isa = PBXFileReference; explicitFileType = wrapper.framework; includeInIndex = 0; path = Pods_SuperQuizz.framework; sourceTree = BUILT_PRODUCTS_DIR; };
		BC0CA4F521B9373A00B2DB8A /* API CLIENT.swift */ = {isa = PBXFileReference; lastKnownFileType = sourcecode.swift; path = "API CLIENT.swift"; sourceTree = "<group>"; };
		BC13AB0021B7CF3D006733D9 /* CreateOrEditQuestionViewController.swift */ = {isa = PBXFileReference; lastKnownFileType = sourcecode.swift; path = CreateOrEditQuestionViewController.swift; sourceTree = "<group>"; };
		BC393E1421B6B60B0016DC12 /* SuperQuizz.app */ = {isa = PBXFileReference; explicitFileType = wrapper.application; includeInIndex = 0; path = SuperQuizz.app; sourceTree = BUILT_PRODUCTS_DIR; };
		BC393E1721B6B60B0016DC12 /* AppDelegate.swift */ = {isa = PBXFileReference; lastKnownFileType = sourcecode.swift; path = AppDelegate.swift; sourceTree = "<group>"; };
		BC393E1921B6B60B0016DC12 /* AnswerViewController.swift */ = {isa = PBXFileReference; lastKnownFileType = sourcecode.swift; path = AnswerViewController.swift; sourceTree = "<group>"; };
		BC393E1C21B6B60B0016DC12 /* Base */ = {isa = PBXFileReference; lastKnownFileType = file.storyboard; name = Base; path = Base.lproj/Main.storyboard; sourceTree = "<group>"; };
		BC393E1E21B6B60D0016DC12 /* Assets.xcassets */ = {isa = PBXFileReference; lastKnownFileType = folder.assetcatalog; path = Assets.xcassets; sourceTree = "<group>"; };
		BC393E2121B6B60D0016DC12 /* Base */ = {isa = PBXFileReference; lastKnownFileType = file.storyboard; name = Base; path = Base.lproj/LaunchScreen.storyboard; sourceTree = "<group>"; };
		BC393E2321B6B60D0016DC12 /* Info.plist */ = {isa = PBXFileReference; lastKnownFileType = text.plist.xml; path = Info.plist; sourceTree = "<group>"; };
		BC393E2821B6B60D0016DC12 /* SuperQuizzTests.xctest */ = {isa = PBXFileReference; explicitFileType = wrapper.cfbundle; includeInIndex = 0; path = SuperQuizzTests.xctest; sourceTree = BUILT_PRODUCTS_DIR; };
		BC393E2C21B6B60D0016DC12 /* SuperQuizzTests.swift */ = {isa = PBXFileReference; lastKnownFileType = sourcecode.swift; path = SuperQuizzTests.swift; sourceTree = "<group>"; };
		BC393E2E21B6B60D0016DC12 /* Info.plist */ = {isa = PBXFileReference; lastKnownFileType = text.plist.xml; path = Info.plist; sourceTree = "<group>"; };
		BC393E3321B6B60D0016DC12 /* SuperQuizzUITests.xctest */ = {isa = PBXFileReference; explicitFileType = wrapper.cfbundle; includeInIndex = 0; path = SuperQuizzUITests.xctest; sourceTree = BUILT_PRODUCTS_DIR; };
		BC393E3721B6B60D0016DC12 /* SuperQuizzUITests.swift */ = {isa = PBXFileReference; lastKnownFileType = sourcecode.swift; path = SuperQuizzUITests.swift; sourceTree = "<group>"; };
		BC393E3921B6B60D0016DC12 /* Info.plist */ = {isa = PBXFileReference; lastKnownFileType = text.plist.xml; path = Info.plist; sourceTree = "<group>"; };
		BC393E4521B6B7690016DC12 /* QuestionsTableViewController.swift */ = {isa = PBXFileReference; lastKnownFileType = sourcecode.swift; path = QuestionsTableViewController.swift; sourceTree = "<group>"; };
		BC393E4721B6C0F50016DC12 /* QuestionTableViewCell.swift */ = {isa = PBXFileReference; lastKnownFileType = sourcecode.swift; path = QuestionTableViewCell.swift; sourceTree = "<group>"; };
		BC393E4821B6C0F50016DC12 /* QuestionTableViewCell.xib */ = {isa = PBXFileReference; lastKnownFileType = file.xib; path = QuestionTableViewCell.xib; sourceTree = "<group>"; };
		BC84260E21B6C5B3001DC321 /* Question.swift */ = {isa = PBXFileReference; lastKnownFileType = sourcecode.swift; path = Question.swift; sourceTree = "<group>"; };
		BCF8788521B6F10A00ADD440 /* CorrectorFalseAnswerViewController.swift */ = {isa = PBXFileReference; lastKnownFileType = sourcecode.swift; path = CorrectorFalseAnswerViewController.swift; sourceTree = "<group>"; };
		D7F953C7839BDD1F54B04F55 /* Pods_SuperQuizzTests.framework */ = {isa = PBXFileReference; explicitFileType = wrapper.framework; includeInIndex = 0; path = Pods_SuperQuizzTests.framework; sourceTree = BUILT_PRODUCTS_DIR; };
		EE5F190B71953161DCD0FE5E /* Pods-SuperQuizz.release.xcconfig */ = {isa = PBXFileReference; includeInIndex = 1; lastKnownFileType = text.xcconfig; name = "Pods-SuperQuizz.release.xcconfig"; path = "Pods/Target Support Files/Pods-SuperQuizz/Pods-SuperQuizz.release.xcconfig"; sourceTree = "<group>"; };
		FA0DF6FC17627984BC6994A7 /* Pods_SuperQuizzUITests.framework */ = {isa = PBXFileReference; explicitFileType = wrapper.framework; includeInIndex = 0; path = Pods_SuperQuizzUITests.framework; sourceTree = BUILT_PRODUCTS_DIR; };
/* End PBXFileReference section */

/* Begin PBXFrameworksBuildPhase section */
		BC393E1121B6B60B0016DC12 /* Frameworks */ = {
			isa = PBXFrameworksBuildPhase;
			buildActionMask = 2147483647;
			files = (
				3726770DFE0E1E21CFBB8C7C /* Pods_SuperQuizz.framework in Frameworks */,
			);
			runOnlyForDeploymentPostprocessing = 0;
		};
		BC393E2521B6B60D0016DC12 /* Frameworks */ = {
			isa = PBXFrameworksBuildPhase;
			buildActionMask = 2147483647;
			files = (
				72C3134D96D2D8D0F2656BF1 /* Pods_SuperQuizzTests.framework in Frameworks */,
			);
			runOnlyForDeploymentPostprocessing = 0;
		};
		BC393E3021B6B60D0016DC12 /* Frameworks */ = {
			isa = PBXFrameworksBuildPhase;
			buildActionMask = 2147483647;
			files = (
				2DD4927C21749BD47A6A4E57 /* Pods_SuperQuizzUITests.framework in Frameworks */,
			);
			runOnlyForDeploymentPostprocessing = 0;
		};
/* End PBXFrameworksBuildPhase section */

/* Begin PBXGroup section */
		79CCC681D7762CA25614EC57 /* Frameworks */ = {
			isa = PBXGroup;
			children = (
				9690A38F641F7CA65D491BAA /* Pods_SuperQuizz.framework */,
				D7F953C7839BDD1F54B04F55 /* Pods_SuperQuizzTests.framework */,
				FA0DF6FC17627984BC6994A7 /* Pods_SuperQuizzUITests.framework */,
			);
			name = Frameworks;
			sourceTree = "<group>";
		};
		A3C23A4683FA62B42B60480D /* Pods */ = {
			isa = PBXGroup;
			children = (
				3F5D448818A39A6C103EFF45 /* Pods-SuperQuizz.debug.xcconfig */,
				EE5F190B71953161DCD0FE5E /* Pods-SuperQuizz.release.xcconfig */,
				1E0F9FCFD674B62727749C82 /* Pods-SuperQuizzTests.debug.xcconfig */,
				7914F639D56458C4BCA859E9 /* Pods-SuperQuizzTests.release.xcconfig */,
				30EB1DA65436594B2790F487 /* Pods-SuperQuizzUITests.debug.xcconfig */,
				8B313D6E63EBF639E2836701 /* Pods-SuperQuizzUITests.release.xcconfig */,
			);
			name = Pods;
			sourceTree = "<group>";
		};
		BC13AB0221B7CF51006733D9 /* UI */ = {
			isa = PBXGroup;
			children = (
				BC13AB0621B7CF7E006733D9 /* IB */,
				BC13AB0521B7CF78006733D9 /* Cells */,
				BC13AB0321B7CF5A006733D9 /* ViewController */,
			);
			path = UI;
			sourceTree = "<group>";
		};
		BC13AB0321B7CF5A006733D9 /* ViewController */ = {
			isa = PBXGroup;
			children = (
				BC393E1921B6B60B0016DC12 /* AnswerViewController.swift */,
				BC13AB0021B7CF3D006733D9 /* CreateOrEditQuestionViewController.swift */,
				BCF8788521B6F10A00ADD440 /* CorrectorFalseAnswerViewController.swift */,
				BC393E4521B6B7690016DC12 /* QuestionsTableViewController.swift */,
			);
			path = ViewController;
			sourceTree = "<group>";
		};
		BC13AB0521B7CF78006733D9 /* Cells */ = {
			isa = PBXGroup;
			children = (
				BC393E4721B6C0F50016DC12 /* QuestionTableViewCell.swift */,
			);
			path = Cells;
			sourceTree = "<group>";
		};
		BC13AB0621B7CF7E006733D9 /* IB */ = {
			isa = PBXGroup;
			children = (
				BC393E1B21B6B60B0016DC12 /* Main.storyboard */,
				BC393E2021B6B60D0016DC12 /* LaunchScreen.storyboard */,
				BC393E4821B6C0F50016DC12 /* QuestionTableViewCell.xib */,
			);
			path = IB;
			sourceTree = "<group>";
		};
		BC13AB0721B7CFB6006733D9 /* Model */ = {
			isa = PBXGroup;
			children = (
				BC84260E21B6C5B3001DC321 /* Question.swift */,
			);
			path = Model;
			sourceTree = "<group>";
		};
		BC393E0B21B6B60B0016DC12 = {
			isa = PBXGroup;
			children = (
				BC393E1621B6B60B0016DC12 /* SuperQuizz */,
				BC393E2B21B6B60D0016DC12 /* SuperQuizzTests */,
				BC393E3621B6B60D0016DC12 /* SuperQuizzUITests */,
				BC393E1521B6B60B0016DC12 /* Products */,
				A3C23A4683FA62B42B60480D /* Pods */,
				79CCC681D7762CA25614EC57 /* Frameworks */,
			);
			sourceTree = "<group>";
		};
		BC393E1521B6B60B0016DC12 /* Products */ = {
			isa = PBXGroup;
			children = (
				BC393E1421B6B60B0016DC12 /* SuperQuizz.app */,
				BC393E2821B6B60D0016DC12 /* SuperQuizzTests.xctest */,
				BC393E3321B6B60D0016DC12 /* SuperQuizzUITests.xctest */,
			);
			name = Products;
			sourceTree = "<group>";
		};
		BC393E1621B6B60B0016DC12 /* SuperQuizz */ = {
			isa = PBXGroup;
			children = (
				BC393E1721B6B60B0016DC12 /* AppDelegate.swift */,
				BC0CA4F521B9373A00B2DB8A /* API CLIENT.swift */,
				BC13AB0721B7CFB6006733D9 /* Model */,
				BC13AB0221B7CF51006733D9 /* UI */,
				BC393E1E21B6B60D0016DC12 /* Assets.xcassets */,
				BC393E2321B6B60D0016DC12 /* Info.plist */,
			);
			path = SuperQuizz;
			sourceTree = "<group>";
		};
		BC393E2B21B6B60D0016DC12 /* SuperQuizzTests */ = {
			isa = PBXGroup;
			children = (
				BC393E2C21B6B60D0016DC12 /* SuperQuizzTests.swift */,
				BC393E2E21B6B60D0016DC12 /* Info.plist */,
			);
			path = SuperQuizzTests;
			sourceTree = "<group>";
		};
		BC393E3621B6B60D0016DC12 /* SuperQuizzUITests */ = {
			isa = PBXGroup;
			children = (
				BC393E3721B6B60D0016DC12 /* SuperQuizzUITests.swift */,
				BC393E3921B6B60D0016DC12 /* Info.plist */,
			);
			path = SuperQuizzUITests;
			sourceTree = "<group>";
		};
/* End PBXGroup section */

/* Begin PBXNativeTarget section */
		BC393E1321B6B60B0016DC12 /* SuperQuizz */ = {
			isa = PBXNativeTarget;
			buildConfigurationList = BC393E3C21B6B60D0016DC12 /* Build configuration list for PBXNativeTarget "SuperQuizz" */;
			buildPhases = (
				3C7DCCF0826535D9E85C92E3 /* [CP] Check Pods Manifest.lock */,
				BC393E1021B6B60B0016DC12 /* Sources */,
				BC393E1121B6B60B0016DC12 /* Frameworks */,
				BC393E1221B6B60B0016DC12 /* Resources */,
				21E47657B27681B11DE27EAA /* [CP] Embed Pods Frameworks */,
			);
			buildRules = (
			);
			dependencies = (
			);
			name = SuperQuizz;
			productName = SuperQuizz;
			productReference = BC393E1421B6B60B0016DC12 /* SuperQuizz.app */;
			productType = "com.apple.product-type.application";
		};
		BC393E2721B6B60D0016DC12 /* SuperQuizzTests */ = {
			isa = PBXNativeTarget;
			buildConfigurationList = BC393E3F21B6B60D0016DC12 /* Build configuration list for PBXNativeTarget "SuperQuizzTests" */;
			buildPhases = (
				328657A3CF5CD4E57ABAE8E9 /* [CP] Check Pods Manifest.lock */,
				BC393E2421B6B60D0016DC12 /* Sources */,
				BC393E2521B6B60D0016DC12 /* Frameworks */,
				BC393E2621B6B60D0016DC12 /* Resources */,
			);
			buildRules = (
			);
			dependencies = (
				BC393E2A21B6B60D0016DC12 /* PBXTargetDependency */,
			);
			name = SuperQuizzTests;
			productName = SuperQuizzTests;
			productReference = BC393E2821B6B60D0016DC12 /* SuperQuizzTests.xctest */;
			productType = "com.apple.product-type.bundle.unit-test";
		};
		BC393E3221B6B60D0016DC12 /* SuperQuizzUITests */ = {
			isa = PBXNativeTarget;
			buildConfigurationList = BC393E4221B6B60D0016DC12 /* Build configuration list for PBXNativeTarget "SuperQuizzUITests" */;
			buildPhases = (
				7B977825A279B28575E4D7F1 /* [CP] Check Pods Manifest.lock */,
				BC393E2F21B6B60D0016DC12 /* Sources */,
				BC393E3021B6B60D0016DC12 /* Frameworks */,
				BC393E3121B6B60D0016DC12 /* Resources */,
			);
			buildRules = (
			);
			dependencies = (
				BC393E3521B6B60D0016DC12 /* PBXTargetDependency */,
			);
			name = SuperQuizzUITests;
			productName = SuperQuizzUITests;
			productReference = BC393E3321B6B60D0016DC12 /* SuperQuizzUITests.xctest */;
			productType = "com.apple.product-type.bundle.ui-testing";
		};
/* End PBXNativeTarget section */

/* Begin PBXProject section */
		BC393E0C21B6B60B0016DC12 /* Project object */ = {
			isa = PBXProject;
			attributes = {
				LastSwiftUpdateCheck = 1010;
				LastUpgradeCheck = 1010;
				ORGANIZATIONNAME = "Clement Coxam";
				TargetAttributes = {
					BC393E1321B6B60B0016DC12 = {
						CreatedOnToolsVersion = 10.1;
					};
					BC393E2721B6B60D0016DC12 = {
						CreatedOnToolsVersion = 10.1;
						TestTargetID = BC393E1321B6B60B0016DC12;
					};
					BC393E3221B6B60D0016DC12 = {
						CreatedOnToolsVersion = 10.1;
						TestTargetID = BC393E1321B6B60B0016DC12;
					};
				};
			};
			buildConfigurationList = BC393E0F21B6B60B0016DC12 /* Build configuration list for PBXProject "SuperQuizz" */;
			compatibilityVersion = "Xcode 9.3";
			developmentRegion = en;
			hasScannedForEncodings = 0;
			knownRegions = (
				en,
				Base,
			);
			mainGroup = BC393E0B21B6B60B0016DC12;
			productRefGroup = BC393E1521B6B60B0016DC12 /* Products */;
			projectDirPath = "";
			projectRoot = "";
			targets = (
				BC393E1321B6B60B0016DC12 /* SuperQuizz */,
				BC393E2721B6B60D0016DC12 /* SuperQuizzTests */,
				BC393E3221B6B60D0016DC12 /* SuperQuizzUITests */,
			);
		};
/* End PBXProject section */

/* Begin PBXResourcesBuildPhase section */
		BC393E1221B6B60B0016DC12 /* Resources */ = {
			isa = PBXResourcesBuildPhase;
			buildActionMask = 2147483647;
			files = (
				BC393E4A21B6C0F50016DC12 /* QuestionTableViewCell.xib in Resources */,
				BC393E2221B6B60D0016DC12 /* LaunchScreen.storyboard in Resources */,
				BC393E1F21B6B60D0016DC12 /* Assets.xcassets in Resources */,
				BC393E1D21B6B60B0016DC12 /* Main.storyboard in Resources */,
			);
			runOnlyForDeploymentPostprocessing = 0;
		};
		BC393E2621B6B60D0016DC12 /* Resources */ = {
			isa = PBXResourcesBuildPhase;
			buildActionMask = 2147483647;
			files = (
			);
			runOnlyForDeploymentPostprocessing = 0;
		};
		BC393E3121B6B60D0016DC12 /* Resources */ = {
			isa = PBXResourcesBuildPhase;
			buildActionMask = 2147483647;
			files = (
			);
			runOnlyForDeploymentPostprocessing = 0;
		};
/* End PBXResourcesBuildPhase section */

/* Begin PBXShellScriptBuildPhase section */
		21E47657B27681B11DE27EAA /* [CP] Embed Pods Frameworks */ = {
			isa = PBXShellScriptBuildPhase;
			buildActionMask = 2147483647;
			files = (
			);
			inputFileListPaths = (
			);
			inputPaths = (
				"${SRCROOT}/Pods/Target Support Files/Pods-SuperQuizz/Pods-SuperQuizz-frameworks.sh",
				"${BUILT_PRODUCTS_DIR}/SwiftIcons/SwiftIcons.framework",
			);
			name = "[CP] Embed Pods Frameworks";
			outputFileListPaths = (
			);
			outputPaths = (
				"${TARGET_BUILD_DIR}/${FRAMEWORKS_FOLDER_PATH}/SwiftIcons.framework",
			);
			runOnlyForDeploymentPostprocessing = 0;
			shellPath = /bin/sh;
			shellScript = "\"${SRCROOT}/Pods/Target Support Files/Pods-SuperQuizz/Pods-SuperQuizz-frameworks.sh\"\n";
			showEnvVarsInLog = 0;
		};
		328657A3CF5CD4E57ABAE8E9 /* [CP] Check Pods Manifest.lock */ = {
			isa = PBXShellScriptBuildPhase;
			buildActionMask = 2147483647;
			files = (
			);
			inputFileListPaths = (
			);
			inputPaths = (
				"${PODS_PODFILE_DIR_PATH}/Podfile.lock",
				"${PODS_ROOT}/Manifest.lock",
			);
			name = "[CP] Check Pods Manifest.lock";
			outputFileListPaths = (
			);
			outputPaths = (
				"$(DERIVED_FILE_DIR)/Pods-SuperQuizzTests-checkManifestLockResult.txt",
			);
			runOnlyForDeploymentPostprocessing = 0;
			shellPath = /bin/sh;
			shellScript = "diff \"${PODS_PODFILE_DIR_PATH}/Podfile.lock\" \"${PODS_ROOT}/Manifest.lock\" > /dev/null\nif [ $? != 0 ] ; then\n    # print error to STDERR\n    echo \"error: The sandbox is not in sync with the Podfile.lock. Run 'pod install' or update your CocoaPods installation.\" >&2\n    exit 1\nfi\n# This output is used by Xcode 'outputs' to avoid re-running this script phase.\necho \"SUCCESS\" > \"${SCRIPT_OUTPUT_FILE_0}\"\n";
			showEnvVarsInLog = 0;
		};
		3C7DCCF0826535D9E85C92E3 /* [CP] Check Pods Manifest.lock */ = {
			isa = PBXShellScriptBuildPhase;
			buildActionMask = 2147483647;
			files = (
			);
			inputFileListPaths = (
			);
			inputPaths = (
				"${PODS_PODFILE_DIR_PATH}/Podfile.lock",
				"${PODS_ROOT}/Manifest.lock",
			);
			name = "[CP] Check Pods Manifest.lock";
			outputFileListPaths = (
			);
			outputPaths = (
				"$(DERIVED_FILE_DIR)/Pods-SuperQuizz-checkManifestLockResult.txt",
			);
			runOnlyForDeploymentPostprocessing = 0;
			shellPath = /bin/sh;
			shellScript = "diff \"${PODS_PODFILE_DIR_PATH}/Podfile.lock\" \"${PODS_ROOT}/Manifest.lock\" > /dev/null\nif [ $? != 0 ] ; then\n    # print error to STDERR\n    echo \"error: The sandbox is not in sync with the Podfile.lock. Run 'pod install' or update your CocoaPods installation.\" >&2\n    exit 1\nfi\n# This output is used by Xcode 'outputs' to avoid re-running this script phase.\necho \"SUCCESS\" > \"${SCRIPT_OUTPUT_FILE_0}\"\n";
			showEnvVarsInLog = 0;
		};
		7B977825A279B28575E4D7F1 /* [CP] Check Pods Manifest.lock */ = {
			isa = PBXShellScriptBuildPhase;
			buildActionMask = 2147483647;
			files = (
			);
			inputFileListPaths = (
			);
			inputPaths = (
				"${PODS_PODFILE_DIR_PATH}/Podfile.lock",
				"${PODS_ROOT}/Manifest.lock",
			);
			name = "[CP] Check Pods Manifest.lock";
			outputFileListPaths = (
			);
			outputPaths = (
				"$(DERIVED_FILE_DIR)/Pods-SuperQuizzUITests-checkManifestLockResult.txt",
			);
			runOnlyForDeploymentPostprocessing = 0;
			shellPath = /bin/sh;
			shellScript = "diff \"${PODS_PODFILE_DIR_PATH}/Podfile.lock\" \"${PODS_ROOT}/Manifest.lock\" > /dev/null\nif [ $? != 0 ] ; then\n    # print error to STDERR\n    echo \"error: The sandbox is not in sync with the Podfile.lock. Run 'pod install' or update your CocoaPods installation.\" >&2\n    exit 1\nfi\n# This output is used by Xcode 'outputs' to avoid re-running this script phase.\necho \"SUCCESS\" > \"${SCRIPT_OUTPUT_FILE_0}\"\n";
			showEnvVarsInLog = 0;
		};
/* End PBXShellScriptBuildPhase section */

/* Begin PBXSourcesBuildPhase section */
		BC393E1021B6B60B0016DC12 /* Sources */ = {
			isa = PBXSourcesBuildPhase;
			buildActionMask = 2147483647;
			files = (
				BC13AB0121B7CF3D006733D9 /* CreateOrEditQuestionViewController.swift in Sources */,
				BC84260F21B6C5B3001DC321 /* Question.swift in Sources */,
				BC393E4921B6C0F50016DC12 /* QuestionTableViewCell.swift in Sources */,
				BCF8788621B6F10A00ADD440 /* CorrectorFalseAnswerViewController.swift in Sources */,
				BC0CA4F621B9373A00B2DB8A /* API CLIENT.swift in Sources */,
				BC393E1A21B6B60B0016DC12 /* AnswerViewController.swift in Sources */,
				BC393E4621B6B7690016DC12 /* QuestionsTableViewController.swift in Sources */,
				BC393E1821B6B60B0016DC12 /* AppDelegate.swift in Sources */,
			);
			runOnlyForDeploymentPostprocessing = 0;
		};
		BC393E2421B6B60D0016DC12 /* Sources */ = {
			isa = PBXSourcesBuildPhase;
			buildActionMask = 2147483647;
			files = (
				BC393E2D21B6B60D0016DC12 /* SuperQuizzTests.swift in Sources */,
			);
			runOnlyForDeploymentPostprocessing = 0;
		};
		BC393E2F21B6B60D0016DC12 /* Sources */ = {
			isa = PBXSourcesBuildPhase;
			buildActionMask = 2147483647;
			files = (
				BC393E3821B6B60D0016DC12 /* SuperQuizzUITests.swift in Sources */,
			);
			runOnlyForDeploymentPostprocessing = 0;
		};
/* End PBXSourcesBuildPhase section */

/* Begin PBXTargetDependency section */
		BC393E2A21B6B60D0016DC12 /* PBXTargetDependency */ = {
			isa = PBXTargetDependency;
			target = BC393E1321B6B60B0016DC12 /* SuperQuizz */;
			targetProxy = BC393E2921B6B60D0016DC12 /* PBXContainerItemProxy */;
		};
		BC393E3521B6B60D0016DC12 /* PBXTargetDependency */ = {
			isa = PBXTargetDependency;
			target = BC393E1321B6B60B0016DC12 /* SuperQuizz */;
			targetProxy = BC393E3421B6B60D0016DC12 /* PBXContainerItemProxy */;
		};
/* End PBXTargetDependency section */

/* Begin PBXVariantGroup section */
		BC393E1B21B6B60B0016DC12 /* Main.storyboard */ = {
			isa = PBXVariantGroup;
			children = (
				BC393E1C21B6B60B0016DC12 /* Base */,
			);
			name = Main.storyboard;
			sourceTree = "<group>";
		};
		BC393E2021B6B60D0016DC12 /* LaunchScreen.storyboard */ = {
			isa = PBXVariantGroup;
			children = (
				BC393E2121B6B60D0016DC12 /* Base */,
			);
			name = LaunchScreen.storyboard;
			sourceTree = "<group>";
		};
/* End PBXVariantGroup section */

/* Begin XCBuildConfiguration section */
		BC393E3A21B6B60D0016DC12 /* Debug */ = {
			isa = XCBuildConfiguration;
			buildSettings = {
				ALWAYS_SEARCH_USER_PATHS = NO;
				CLANG_ANALYZER_NONNULL = YES;
				CLANG_ANALYZER_NUMBER_OBJECT_CONVERSION = YES_AGGRESSIVE;
				CLANG_CXX_LANGUAGE_STANDARD = "gnu++14";
				CLANG_CXX_LIBRARY = "libc++";
				CLANG_ENABLE_MODULES = YES;
				CLANG_ENABLE_OBJC_ARC = YES;
				CLANG_ENABLE_OBJC_WEAK = YES;
				CLANG_WARN_BLOCK_CAPTURE_AUTORELEASING = YES;
				CLANG_WARN_BOOL_CONVERSION = YES;
				CLANG_WARN_COMMA = YES;
				CLANG_WARN_CONSTANT_CONVERSION = YES;
				CLANG_WARN_DEPRECATED_OBJC_IMPLEMENTATIONS = YES;
				CLANG_WARN_DIRECT_OBJC_ISA_USAGE = YES_ERROR;
				CLANG_WARN_DOCUMENTATION_COMMENTS = YES;
				CLANG_WARN_EMPTY_BODY = YES;
				CLANG_WARN_ENUM_CONVERSION = YES;
				CLANG_WARN_INFINITE_RECURSION = YES;
				CLANG_WARN_INT_CONVERSION = YES;
				CLANG_WARN_NON_LITERAL_NULL_CONVERSION = YES;
				CLANG_WARN_OBJC_IMPLICIT_RETAIN_SELF = YES;
				CLANG_WARN_OBJC_LITERAL_CONVERSION = YES;
				CLANG_WARN_OBJC_ROOT_CLASS = YES_ERROR;
				CLANG_WARN_RANGE_LOOP_ANALYSIS = YES;
				CLANG_WARN_STRICT_PROTOTYPES = YES;
				CLANG_WARN_SUSPICIOUS_MOVE = YES;
				CLANG_WARN_UNGUARDED_AVAILABILITY = YES_AGGRESSIVE;
				CLANG_WARN_UNREACHABLE_CODE = YES;
				CLANG_WARN__DUPLICATE_METHOD_MATCH = YES;
				CODE_SIGN_IDENTITY = "iPhone Developer";
				COPY_PHASE_STRIP = NO;
				DEBUG_INFORMATION_FORMAT = dwarf;
				ENABLE_STRICT_OBJC_MSGSEND = YES;
				ENABLE_TESTABILITY = YES;
				GCC_C_LANGUAGE_STANDARD = gnu11;
				GCC_DYNAMIC_NO_PIC = NO;
				GCC_NO_COMMON_BLOCKS = YES;
				GCC_OPTIMIZATION_LEVEL = 0;
				GCC_PREPROCESSOR_DEFINITIONS = (
					"DEBUG=1",
					"$(inherited)",
				);
				GCC_WARN_64_TO_32_BIT_CONVERSION = YES;
				GCC_WARN_ABOUT_RETURN_TYPE = YES_ERROR;
				GCC_WARN_UNDECLARED_SELECTOR = YES;
				GCC_WARN_UNINITIALIZED_AUTOS = YES_AGGRESSIVE;
				GCC_WARN_UNUSED_FUNCTION = YES;
				GCC_WARN_UNUSED_VARIABLE = YES;
				IPHONEOS_DEPLOYMENT_TARGET = 12.1;
				MTL_ENABLE_DEBUG_INFO = INCLUDE_SOURCE;
				MTL_FAST_MATH = YES;
				ONLY_ACTIVE_ARCH = YES;
				SDKROOT = iphoneos;
				SWIFT_ACTIVE_COMPILATION_CONDITIONS = DEBUG;
				SWIFT_OPTIMIZATION_LEVEL = "-Onone";
			};
			name = Debug;
		};
		BC393E3B21B6B60D0016DC12 /* Release */ = {
			isa = XCBuildConfiguration;
			buildSettings = {
				ALWAYS_SEARCH_USER_PATHS = NO;
				CLANG_ANALYZER_NONNULL = YES;
				CLANG_ANALYZER_NUMBER_OBJECT_CONVERSION = YES_AGGRESSIVE;
				CLANG_CXX_LANGUAGE_STANDARD = "gnu++14";
				CLANG_CXX_LIBRARY = "libc++";
				CLANG_ENABLE_MODULES = YES;
				CLANG_ENABLE_OBJC_ARC = YES;
				CLANG_ENABLE_OBJC_WEAK = YES;
				CLANG_WARN_BLOCK_CAPTURE_AUTORELEASING = YES;
				CLANG_WARN_BOOL_CONVERSION = YES;
				CLANG_WARN_COMMA = YES;
				CLANG_WARN_CONSTANT_CONVERSION = YES;
				CLANG_WARN_DEPRECATED_OBJC_IMPLEMENTATIONS = YES;
				CLANG_WARN_DIRECT_OBJC_ISA_USAGE = YES_ERROR;
				CLANG_WARN_DOCUMENTATION_COMMENTS = YES;
				CLANG_WARN_EMPTY_BODY = YES;
				CLANG_WARN_ENUM_CONVERSION = YES;
				CLANG_WARN_INFINITE_RECURSION = YES;
				CLANG_WARN_INT_CONVERSION = YES;
				CLANG_WARN_NON_LITERAL_NULL_CONVERSION = YES;
				CLANG_WARN_OBJC_IMPLICIT_RETAIN_SELF = YES;
				CLANG_WARN_OBJC_LITERAL_CONVERSION = YES;
				CLANG_WARN_OBJC_ROOT_CLASS = YES_ERROR;
				CLANG_WARN_RANGE_LOOP_ANALYSIS = YES;
				CLANG_WARN_STRICT_PROTOTYPES = YES;
				CLANG_WARN_SUSPICIOUS_MOVE = YES;
				CLANG_WARN_UNGUARDED_AVAILABILITY = YES_AGGRESSIVE;
				CLANG_WARN_UNREACHABLE_CODE = YES;
				CLANG_WARN__DUPLICATE_METHOD_MATCH = YES;
				CODE_SIGN_IDENTITY = "iPhone Developer";
				COPY_PHASE_STRIP = NO;
				DEBUG_INFORMATION_FORMAT = "dwarf-with-dsym";
				ENABLE_NS_ASSERTIONS = NO;
				ENABLE_STRICT_OBJC_MSGSEND = YES;
				GCC_C_LANGUAGE_STANDARD = gnu11;
				GCC_NO_COMMON_BLOCKS = YES;
				GCC_WARN_64_TO_32_BIT_CONVERSION = YES;
				GCC_WARN_ABOUT_RETURN_TYPE = YES_ERROR;
				GCC_WARN_UNDECLARED_SELECTOR = YES;
				GCC_WARN_UNINITIALIZED_AUTOS = YES_AGGRESSIVE;
				GCC_WARN_UNUSED_FUNCTION = YES;
				GCC_WARN_UNUSED_VARIABLE = YES;
				IPHONEOS_DEPLOYMENT_TARGET = 12.1;
				MTL_ENABLE_DEBUG_INFO = NO;
				MTL_FAST_MATH = YES;
				SDKROOT = iphoneos;
				SWIFT_COMPILATION_MODE = wholemodule;
				SWIFT_OPTIMIZATION_LEVEL = "-O";
				VALIDATE_PRODUCT = YES;
			};
			name = Release;
		};
		BC393E3D21B6B60D0016DC12 /* Debug */ = {
			isa = XCBuildConfiguration;
			baseConfigurationReference = 3F5D448818A39A6C103EFF45 /* Pods-SuperQuizz.debug.xcconfig */;
			buildSettings = {
				ASSETCATALOG_COMPILER_APPICON_NAME = AppIcon;
				CODE_SIGN_STYLE = Automatic;
				INFOPLIST_FILE = SuperQuizz/Info.plist;
				LD_RUNPATH_SEARCH_PATHS = (
					"$(inherited)",
					"@executable_path/Frameworks",
				);
				PRODUCT_BUNDLE_IDENTIFIER = fr.diginamic.SuperQuizz;
				PRODUCT_NAME = "$(TARGET_NAME)";
				SWIFT_VERSION = 4.2;
				TARGETED_DEVICE_FAMILY = "1,2";
			};
			name = Debug;
		};
		BC393E3E21B6B60D0016DC12 /* Release */ = {
			isa = XCBuildConfiguration;
			baseConfigurationReference = EE5F190B71953161DCD0FE5E /* Pods-SuperQuizz.release.xcconfig */;
			buildSettings = {
				ASSETCATALOG_COMPILER_APPICON_NAME = AppIcon;
				CODE_SIGN_STYLE = Automatic;
				INFOPLIST_FILE = SuperQuizz/Info.plist;
				LD_RUNPATH_SEARCH_PATHS = (
					"$(inherited)",
					"@executable_path/Frameworks",
				);
				PRODUCT_BUNDLE_IDENTIFIER = fr.diginamic.SuperQuizz;
				PRODUCT_NAME = "$(TARGET_NAME)";
				SWIFT_VERSION = 4.2;
				TARGETED_DEVICE_FAMILY = "1,2";
			};
			name = Release;
		};
		BC393E4021B6B60D0016DC12 /* Debug */ = {
			isa = XCBuildConfiguration;
			baseConfigurationReference = 1E0F9FCFD674B62727749C82 /* Pods-SuperQuizzTests.debug.xcconfig */;
			buildSettings = {
				ALWAYS_EMBED_SWIFT_STANDARD_LIBRARIES = YES;
				BUNDLE_LOADER = "$(TEST_HOST)";
				CODE_SIGN_STYLE = Automatic;
				INFOPLIST_FILE = SuperQuizzTests/Info.plist;
				LD_RUNPATH_SEARCH_PATHS = (
					"$(inherited)",
					"@executable_path/Frameworks",
					"@loader_path/Frameworks",
				);
				PRODUCT_BUNDLE_IDENTIFIER = fr.diginamic.SuperQuizzTests;
				PRODUCT_NAME = "$(TARGET_NAME)";
				SWIFT_VERSION = 4.2;
				TARGETED_DEVICE_FAMILY = "1,2";
				TEST_HOST = "$(BUILT_PRODUCTS_DIR)/SuperQuizz.app/SuperQuizz";
			};
			name = Debug;
		};
		BC393E4121B6B60D0016DC12 /* Release */ = {
			isa = XCBuildConfiguration;
			baseConfigurationReference = 7914F639D56458C4BCA859E9 /* Pods-SuperQuizzTests.release.xcconfig */;
			buildSettings = {
				ALWAYS_EMBED_SWIFT_STANDARD_LIBRARIES = YES;
				BUNDLE_LOADER = "$(TEST_HOST)";
				CODE_SIGN_STYLE = Automatic;
				INFOPLIST_FILE = SuperQuizzTests/Info.plist;
				LD_RUNPATH_SEARCH_PATHS = (
					"$(inherited)",
					"@executable_path/Frameworks",
					"@loader_path/Frameworks",
				);
				PRODUCT_BUNDLE_IDENTIFIER = fr.diginamic.SuperQuizzTests;
				PRODUCT_NAME = "$(TARGET_NAME)";
				SWIFT_VERSION = 4.2;
				TARGETED_DEVICE_FAMILY = "1,2";
				TEST_HOST = "$(BUILT_PRODUCTS_DIR)/SuperQuizz.app/SuperQuizz";
			};
			name = Release;
		};
		BC393E4321B6B60D0016DC12 /* Debug */ = {
			isa = XCBuildConfiguration;
			baseConfigurationReference = 30EB1DA65436594B2790F487 /* Pods-SuperQuizzUITests.debug.xcconfig */;
			buildSettings = {
				ALWAYS_EMBED_SWIFT_STANDARD_LIBRARIES = YES;
				CODE_SIGN_STYLE = Automatic;
				INFOPLIST_FILE = SuperQuizzUITests/Info.plist;
				LD_RUNPATH_SEARCH_PATHS = (
					"$(inherited)",
					"@executable_path/Frameworks",
					"@loader_path/Frameworks",
				);
				PRODUCT_BUNDLE_IDENTIFIER = fr.diginamic.SuperQuizzUITests;
				PRODUCT_NAME = "$(TARGET_NAME)";
				SWIFT_VERSION = 4.2;
				TARGETED_DEVICE_FAMILY = "1,2";
				TEST_TARGET_NAME = SuperQuizz;
			};
			name = Debug;
		};
		BC393E4421B6B60D0016DC12 /* Release */ = {
			isa = XCBuildConfiguration;
			baseConfigurationReference = 8B313D6E63EBF639E2836701 /* Pods-SuperQuizzUITests.release.xcconfig */;
			buildSettings = {
				ALWAYS_EMBED_SWIFT_STANDARD_LIBRARIES = YES;
				CODE_SIGN_STYLE = Automatic;
				INFOPLIST_FILE = SuperQuizzUITests/Info.plist;
				LD_RUNPATH_SEARCH_PATHS = (
					"$(inherited)",
					"@executable_path/Frameworks",
					"@loader_path/Frameworks",
				);
				PRODUCT_BUNDLE_IDENTIFIER = fr.diginamic.SuperQuizzUITests;
				PRODUCT_NAME = "$(TARGET_NAME)";
				SWIFT_VERSION = 4.2;
				TARGETED_DEVICE_FAMILY = "1,2";
				TEST_TARGET_NAME = SuperQuizz;
			};
			name = Release;
		};
/* End XCBuildConfiguration section */

/* Begin XCConfigurationList section */
		BC393E0F21B6B60B0016DC12 /* Build configuration list for PBXProject "SuperQuizz" */ = {
			isa = XCConfigurationList;
			buildConfigurations = (
				BC393E3A21B6B60D0016DC12 /* Debug */,
				BC393E3B21B6B60D0016DC12 /* Release */,
			);
			defaultConfigurationIsVisible = 0;
			defaultConfigurationName = Release;
		};
		BC393E3C21B6B60D0016DC12 /* Build configuration list for PBXNativeTarget "SuperQuizz" */ = {
			isa = XCConfigurationList;
			buildConfigurations = (
				BC393E3D21B6B60D0016DC12 /* Debug */,
				BC393E3E21B6B60D0016DC12 /* Release */,
			);
			defaultConfigurationIsVisible = 0;
			defaultConfigurationName = Release;
		};
		BC393E3F21B6B60D0016DC12 /* Build configuration list for PBXNativeTarget "SuperQuizzTests" */ = {
			isa = XCConfigurationList;
			buildConfigurations = (
				BC393E4021B6B60D0016DC12 /* Debug */,
				BC393E4121B6B60D0016DC12 /* Release */,
			);
			defaultConfigurationIsVisible = 0;
			defaultConfigurationName = Release;
		};
		BC393E4221B6B60D0016DC12 /* Build configuration list for PBXNativeTarget "SuperQuizzUITests" */ = {
			isa = XCConfigurationList;
			buildConfigurations = (
				BC393E4321B6B60D0016DC12 /* Debug */,
				BC393E4421B6B60D0016DC12 /* Release */,
			);
			defaultConfigurationIsVisible = 0;
			defaultConfigurationName = Release;
		};
/* End XCConfigurationList section */
	};
	rootObject = BC393E0C21B6B60B0016DC12 /* Project object */;
}
